// !$*UTF8*$!
{
	archiveVersion = 1;
	classes = {
	};
	objectVersion = 50;
	objects = {

/* Begin PBXBuildFile section */
		D05075BA221D40A6006E4FD1 /* AppDelegate.m in Sources */ = {isa = PBXBuildFile; fileRef = D05075B9221D40A6006E4FD1 /* AppDelegate.m */; };
		D05075BD221D40A6006E4FD1 /* Document.m in Sources */ = {isa = PBXBuildFile; fileRef = D05075BC221D40A6006E4FD1 /* Document.m */; };
		D05075C0221D40A6006E4FD1 /* Document.xib in Resources */ = {isa = PBXBuildFile; fileRef = D05075BE221D40A6006E4FD1 /* Document.xib */; };
		D05075C3221D40A6006E4FD1 /* Document.xcdatamodeld in Sources */ = {isa = PBXBuildFile; fileRef = D05075C1221D40A6006E4FD1 /* Document.xcdatamodeld */; };
		D05075C5221D40A6006E4FD1 /* Assets.xcassets in Resources */ = {isa = PBXBuildFile; fileRef = D05075C4221D40A6006E4FD1 /* Assets.xcassets */; };
		D05075C8221D40A6006E4FD1 /* MainMenu.xib in Resources */ = {isa = PBXBuildFile; fileRef = D05075C6221D40A6006E4FD1 /* MainMenu.xib */; };
		D05075CB221D40A6006E4FD1 /* main.m in Sources */ = {isa = PBXBuildFile; fileRef = D05075CA221D40A6006E4FD1 /* main.m */; };
/* End PBXBuildFile section */

/* Begin PBXFileReference section */
		D05075B5221D40A6006E4FD1 /* CarLot.app */ = {isa = PBXFileReference; explicitFileType = wrapper.application; includeInIndex = 0; path = CarLot.app; sourceTree = BUILT_PRODUCTS_DIR; };
		D05075B8221D40A6006E4FD1 /* AppDelegate.h */ = {isa = PBXFileReference; lastKnownFileType = sourcecode.c.h; path = AppDelegate.h; sourceTree = "<group>"; };
		D05075B9221D40A6006E4FD1 /* AppDelegate.m */ = {isa = PBXFileReference; lastKnownFileType = sourcecode.c.objc; path = AppDelegate.m; sourceTree = "<group>"; };
		D05075BB221D40A6006E4FD1 /* Document.h */ = {isa = PBXFileReference; lastKnownFileType = sourcecode.c.h; path = Document.h; sourceTree = "<group>"; };
		D05075BC221D40A6006E4FD1 /* Document.m */ = {isa = PBXFileReference; lastKnownFileType = sourcecode.c.objc; path = Document.m; sourceTree = "<group>"; };
		D05075BF221D40A6006E4FD1 /* Base */ = {isa = PBXFileReference; lastKnownFileType = file.xib; name = Base; path = Base.lproj/Document.xib; sourceTree = "<group>"; };
		D05075C2221D40A6006E4FD1 /* Document.xcdatamodel */ = {isa = PBXFileReference; lastKnownFileType = wrapper.xcdatamodel; path = Document.xcdatamodel; sourceTree = "<group>"; };
		D05075C4221D40A6006E4FD1 /* Assets.xcassets */ = {isa = PBXFileReference; lastKnownFileType = folder.assetcatalog; path = Assets.xcassets; sourceTree = "<group>"; };
		D05075C7221D40A6006E4FD1 /* Base */ = {isa = PBXFileReference; lastKnownFileType = file.xib; name = Base; path = Base.lproj/MainMenu.xib; sourceTree = "<group>"; };
		D05075C9221D40A6006E4FD1 /* Info.plist */ = {isa = PBXFileReference; lastKnownFileType = text.plist.xml; path = Info.plist; sourceTree = "<group>"; };
		D05075CA221D40A6006E4FD1 /* main.m */ = {isa = PBXFileReference; lastKnownFileType = sourcecode.c.objc; path = main.m; sourceTree = "<group>"; };
		D05075CC221D40A6006E4FD1 /* CarLot.entitlements */ = {isa = PBXFileReference; lastKnownFileType = text.plist.entitlements; path = CarLot.entitlements; sourceTree = "<group>"; };
/* End PBXFileReference section */

/* Begin PBXFrameworksBuildPhase section */
		D05075B2221D40A6006E4FD1 /* Frameworks */ = {
			isa = PBXFrameworksBuildPhase;
			buildActionMask = 2147483647;
			files = (
			);
			runOnlyForDeploymentPostprocessing = 0;
		};
/* End PBXFrameworksBuildPhase section */

/* Begin PBXGroup section */
		D05075AC221D40A6006E4FD1 = {
			isa = PBXGroup;
			children = (
				D05075B7221D40A6006E4FD1 /* CarLot */,
				D05075B6221D40A6006E4FD1 /* Products */,
			);
			sourceTree = "<group>";
		};
		D05075B6221D40A6006E4FD1 /* Products */ = {
			isa = PBXGroup;
			children = (
				D05075B5221D40A6006E4FD1 /* CarLot.app */,
			);
			name = Products;
			sourceTree = "<group>";
		};
		D05075B7221D40A6006E4FD1 /* CarLot */ = {
			isa = PBXGroup;
			children = (
				D05075B8221D40A6006E4FD1 /* AppDelegate.h */,
				D05075B9221D40A6006E4FD1 /* AppDelegate.m */,
				D05075BB221D40A6006E4FD1 /* Document.h */,
				D05075BC221D40A6006E4FD1 /* Document.m */,
				D05075BE221D40A6006E4FD1 /* Document.xib */,
				D05075C4221D40A6006E4FD1 /* Assets.xcassets */,
				D05075C6221D40A6006E4FD1 /* MainMenu.xib */,
				D05075C9221D40A6006E4FD1 /* Info.plist */,
				D05075CA221D40A6006E4FD1 /* main.m */,
				D05075CC221D40A6006E4FD1 /* CarLot.entitlements */,
				D05075C1221D40A6006E4FD1 /* Document.xcdatamodeld */,
			);
			path = CarLot;
			sourceTree = "<group>";
		};
/* End PBXGroup section */

/* Begin PBXNativeTarget section */
		D05075B4221D40A6006E4FD1 /* CarLot */ = {
			isa = PBXNativeTarget;
			buildConfigurationList = D05075CF221D40A6006E4FD1 /* Build configuration list for PBXNativeTarget "CarLot" */;
			buildPhases = (
				D05075B1221D40A6006E4FD1 /* Sources */,
				D05075B2221D40A6006E4FD1 /* Frameworks */,
				D05075B3221D40A6006E4FD1 /* Resources */,
			);
			buildRules = (
			);
			dependencies = (
			);
			name = CarLot;
			productName = CarLot;
			productReference = D05075B5221D40A6006E4FD1 /* CarLot.app */;
			productType = "com.apple.product-type.application";
		};
/* End PBXNativeTarget section */

/* Begin PBXProject section */
		D05075AD221D40A6006E4FD1 /* Project object */ = {
			isa = PBXProject;
			attributes = {
				LastUpgradeCheck = 0940;
				ORGANIZATIONNAME = hikeuchi;
				TargetAttributes = {
					D05075B4221D40A6006E4FD1 = {
						CreatedOnToolsVersion = 9.4;
					};
				};
			};
			buildConfigurationList = D05075B0221D40A6006E4FD1 /* Build configuration list for PBXProject "CarLot" */;
			compatibilityVersion = "Xcode 9.3";
			developmentRegion = en;
			hasScannedForEncodings = 0;
			knownRegions = (
				en,
				Base,
			);
			mainGroup = D05075AC221D40A6006E4FD1;
			productRefGroup = D05075B6221D40A6006E4FD1 /* Products */;
			projectDirPath = "";
			projectRoot = "";
			targets = (
				D05075B4221D40A6006E4FD1 /* CarLot */,
			);
		};
/* End PBXProject section */

/* Begin PBXResourcesBuildPhase section */
		D05075B3221D40A6006E4FD1 /* Resources */ = {
			isa = PBXResourcesBuildPhase;
			buildActionMask = 2147483647;
			files = (
				D05075C5221D40A6006E4FD1 /* Assets.xcassets in Resources */,
				D05075C0221D40A6006E4FD1 /* Document.xib in Resources */,
				D05075C8221D40A6006E4FD1 /* MainMenu.xib in Resources */,
			);
			runOnlyForDeploymentPostprocessing = 0;
		};
/* End PBXResourcesBuildPhase section */

/* Begin PBXSourcesBuildPhase section */
		D05075B1221D40A6006E4FD1 /* Sources */ = {
			isa = PBXSourcesBuildPhase;
			buildActionMask = 2147483647;
			files = (
				D05075C3221D40A6006E4FD1 /* Document.xcdatamodeld in Sources */,
				D05075BD221D40A6006E4FD1 /* Document.m in Sources */,
				D05075CB221D40A6006E4FD1 /* main.m in Sources */,
				D05075BA221D40A6006E4FD1 /* AppDelegate.m in Sources */,
			);
			runOnlyForDeploymentPostprocessing = 0;
		};
/* End PBXSourcesBuildPhase section */

/* Begin PBXVariantGroup section */
		D05075BE221D40A6006E4FD1 /* Document.xib */ = {
			isa = PBXVariantGroup;
			children = (
				D05075BF221D40A6006E4FD1 /* Base */,
			);
			name = Document.xib;
			sourceTree = "<group>";
		};
		D05075C6221D40A6006E4FD1 /* MainMenu.xib */ = {
			isa = PBXVariantGroup;
			children = (
				D05075C7221D40A6006E4FD1 /* Base */,
			);
			name = MainMenu.xib;
			sourceTree = "<group>";
		};
/* End PBXVariantGroup section */

/* Begin XCBuildConfiguration section */
		D05075CD221D40A6006E4FD1 /* Debug */ = {
			isa = XCBuildConfiguration;
			buildSettings = {
				ALWAYS_SEARCH_USER_PATHS = NO;
				CLANG_ANALYZER_NONNULL = YES;
				CLANG_ANALYZER_NUMBER_OBJECT_CONVERSION = YES_AGGRESSIVE;
				CLANG_CXX_LANGUAGE_STANDARD = "gnu++14";
				CLANG_CXX_LIBRARY = "libc++";
				CLANG_ENABLE_MODULES = YES;
				CLANG_ENABLE_OBJC_ARC = YES;
				CLANG_ENABLE_OBJC_WEAK = YES;
				CLANG_WARN_BLOCK_CAPTURE_AUTORELEASING = YES;
				CLANG_WARN_BOOL_CONVERSION = YES;
				CLANG_WARN_COMMA = YES;
				CLANG_WARN_CONSTANT_CONVERSION = YES;
				CLANG_WARN_DEPRECATED_OBJC_IMPLEMENTATIONS = YES;
				CLANG_WARN_DIRECT_OBJC_ISA_USAGE = YES_ERROR;
				CLANG_WARN_DOCUMENTATION_COMMENTS = YES;
				CLANG_WARN_EMPTY_BODY = YES;
				CLANG_WARN_ENUM_CONVERSION = YES;
				CLANG_WARN_INFINITE_RECURSION = YES;
				CLANG_WARN_INT_CONVERSION = YES;
				CLANG_WARN_NON_LITERAL_NULL_CONVERSION = YES;
				CLANG_WARN_OBJC_IMPLICIT_RETAIN_SELF = YES;
				CLANG_WARN_OBJC_LITERAL_CONVERSION = YES;
				CLANG_WARN_OBJC_ROOT_CLASS = YES_ERROR;
				CLANG_WARN_RANGE_LOOP_ANALYSIS = YES;
				CLANG_WARN_STRICT_PROTOTYPES = YES;
				CLANG_WARN_SUSPICIOUS_MOVE = YES;
				CLANG_WARN_UNGUARDED_AVAILABILITY = YES_AGGRESSIVE;
				CLANG_WARN_UNREACHABLE_CODE = YES;
				CLANG_WARN__DUPLICATE_METHOD_MATCH = YES;
				CODE_SIGN_IDENTITY = "-";
				COPY_PHASE_STRIP = NO;
				DEBUG_INFORMATION_FORMAT = dwarf;
				ENABLE_STRICT_OBJC_MSGSEND = YES;
				ENABLE_TESTABILITY = YES;
				GCC_C_LANGUAGE_STANDARD = gnu11;
				GCC_DYNAMIC_NO_PIC = NO;
				GCC_NO_COMMON_BLOCKS = YES;
				GCC_OPTIMIZATION_LEVEL = 0;
				GCC_PREPROCESSOR_DEFINITIONS = (
					"DEBUG=1",
					"$(inherited)",
				);
				GCC_WARN_64_TO_32_BIT_CONVERSION = YES;
				GCC_WARN_ABOUT_RETURN_TYPE = YES_ERROR;
				GCC_WARN_UNDECLARED_SELECTOR = YES;
				GCC_WARN_UNINITIALIZED_AUTOS = YES_AGGRESSIVE;
				GCC_WARN_UNUSED_FUNCTION = YES;
				GCC_WARN_UNUSED_VARIABLE = YES;
				MACOSX_DEPLOYMENT_TARGET = 10.13;
				MTL_ENABLE_DEBUG_INFO = YES;
				ONLY_ACTIVE_ARCH = YES;
				SDKROOT = macosx;
			};
			name = Debug;
		};
		D05075CE221D40A6006E4FD1 /* Release */ = {
			isa = XCBuildConfiguration;
			buildSettings = {
				ALWAYS_SEARCH_USER_PATHS = NO;
				CLANG_ANALYZER_NONNULL = YES;
				CLANG_ANALYZER_NUMBER_OBJECT_CONVERSION = YES_AGGRESSIVE;
				CLANG_CXX_LANGUAGE_STANDARD = "gnu++14";
				CLANG_CXX_LIBRARY = "libc++";
				CLANG_ENABLE_MODULES = YES;
				CLANG_ENABLE_OBJC_ARC = YES;
				CLANG_ENABLE_OBJC_WEAK = YES;
				CLANG_WARN_BLOCK_CAPTURE_AUTORELEASING = YES;
				CLANG_WARN_BOOL_CONVERSION = YES;
				CLANG_WARN_COMMA = YES;
				CLANG_WARN_CONSTANT_CONVERSION = YES;
				CLANG_WARN_DEPRECATED_OBJC_IMPLEMENTATIONS = YES;
				CLANG_WARN_DIRECT_OBJC_ISA_USAGE = YES_ERROR;
				CLANG_WARN_DOCUMENTATION_COMMENTS = YES;
				CLANG_WARN_EMPTY_BODY = YES;
				CLANG_WARN_ENUM_CONVERSION = YES;
				CLANG_WARN_INFINITE_RECURSION = YES;
				CLANG_WARN_INT_CONVERSION = YES;
				CLANG_WARN_NON_LITERAL_NULL_CONVERSION = YES;
				CLANG_WARN_OBJC_IMPLICIT_RETAIN_SELF = YES;
				CLANG_WARN_OBJC_LITERAL_CONVERSION = YES;
				CLANG_WARN_OBJC_ROOT_CLASS = YES_ERROR;
				CLANG_WARN_RANGE_LOOP_ANALYSIS = YES;
				CLANG_WARN_STRICT_PROTOTYPES = YES;
				CLANG_WARN_SUSPICIOUS_MOVE = YES;
				CLANG_WARN_UNGUARDED_AVAILABILITY = YES_AGGRESSIVE;
				CLANG_WARN_UNREACHABLE_CODE = YES;
				CLANG_WARN__DUPLICATE_METHOD_MATCH = YES;
				CODE_SIGN_IDENTITY = "-";
				COPY_PHASE_STRIP = NO;
				DEBUG_INFORMATION_FORMAT = "dwarf-with-dsym";
				ENABLE_NS_ASSERTIONS = NO;
				ENABLE_STRICT_OBJC_MSGSEND = YES;
				GCC_C_LANGUAGE_STANDARD = gnu11;
				GCC_NO_COMMON_BLOCKS = YES;
				GCC_WARN_64_TO_32_BIT_CONVERSION = YES;
				GCC_WARN_ABOUT_RETURN_TYPE = YES_ERROR;
				GCC_WARN_UNDECLARED_SELECTOR = YES;
				GCC_WARN_UNINITIALIZED_AUTOS = YES_AGGRESSIVE;
				GCC_WARN_UNUSED_FUNCTION = YES;
				GCC_WARN_UNUSED_VARIABLE = YES;
				MACOSX_DEPLOYMENT_TARGET = 10.13;
				MTL_ENABLE_DEBUG_INFO = NO;
				SDKROOT = macosx;
			};
			name = Release;
		};
		D05075D0221D40A6006E4FD1 /* Debug */ = {
			isa = XCBuildConfiguration;
			buildSettings = {
				ASSETCATALOG_COMPILER_APPICON_NAME = AppIcon;
				CODE_SIGN_ENTITLEMENTS = CarLot/CarLot.entitlements;
				CODE_SIGN_STYLE = Automatic;
				COMBINE_HIDPI_IMAGES = YES;
				INFOPLIST_FILE = CarLot/Info.plist;
				LD_RUNPATH_SEARCH_PATHS = (
					"$(inherited)",
					"@executable_path/../Frameworks",
				);
				PRODUCT_BUNDLE_IDENTIFIER = jp.co.hikeuchi.CarLot;
				PRODUCT_NAME = "$(TARGET_NAME)";
			};
			name = Debug;
		};
		D05075D1221D40A6006E4FD1 /* Release */ = {
			isa = XCBuildConfiguration;
			buildSettings = {
				ASSETCATALOG_COMPILER_APPICON_NAME = AppIcon;
				CODE_SIGN_ENTITLEMENTS = CarLot/CarLot.entitlements;
				CODE_SIGN_STYLE = Automatic;
				COMBINE_HIDPI_IMAGES = YES;
				INFOPLIST_FILE = CarLot/Info.plist;
				LD_RUNPATH_SEARCH_PATHS = (
					"$(inherited)",
					"@executable_path/../Frameworks",
				);
				PRODUCT_BUNDLE_IDENTIFIER = jp.co.hikeuchi.CarLot;
				PRODUCT_NAME = "$(TARGET_NAME)";
			};
			name = Release;
		};
/* End XCBuildConfiguration section */

/* Begin XCConfigurationList section */
		D05075B0221D40A6006E4FD1 /* Build configuration list for PBXProject "CarLot" */ = {
			isa = XCConfigurationList;
			buildConfigurations = (
				D05075CD221D40A6006E4FD1 /* Debug */,
				D05075CE221D40A6006E4FD1 /* Release */,
			);
			defaultConfigurationIsVisible = 0;
			defaultConfigurationName = Release;
		};
		D05075CF221D40A6006E4FD1 /* Build configuration list for PBXNativeTarget "CarLot" */ = {
			isa = XCConfigurationList;
			buildConfigurations = (
				D05075D0221D40A6006E4FD1 /* Debug */,
				D05075D1221D40A6006E4FD1 /* Release */,
			);
			defaultConfigurationIsVisible = 0;
			defaultConfigurationName = Release;
		};
/* End XCConfigurationList section */

/* Begin XCVersionGroup section */
		D05075C1221D40A6006E4FD1 /* Document.xcdatamodeld */ = {
			isa = XCVersionGroup;
			children = (
				D05075C2221D40A6006E4FD1 /* Document.xcdatamodel */,
			);
			currentVersion = D05075C2221D40A6006E4FD1 /* Document.xcdatamodel */;
			path = Document.xcdatamodeld;
			sourceTree = "<group>";
			versionGroupType = wrapper.xcdatamodel;
		};
/* End XCVersionGroup section */
	};
	rootObject = D05075AD221D40A6006E4FD1 /* Project object */;
}
