// !$*UTF8*$!
{
	archiveVersion = 1;
	classes = {
	};
	objectVersion = 50;
	objects = {

/* Begin PBXBuildFile section */
		D0B8B91B221D3BE90093F21D /* txt.icns in Resources */ = {isa = PBXBuildFile; fileRef = D0B8B91A221D3BE90093F21D /* txt.icns */; };
		D0C776FD221CE8B3001E1D0A /* AppDelegate.m in Sources */ = {isa = PBXBuildFile; fileRef = D0C776FC221CE8B3001E1D0A /* AppDelegate.m */; };
		D0C77700221CE8B3001E1D0A /* Document.m in Sources */ = {isa = PBXBuildFile; fileRef = D0C776FF221CE8B3001E1D0A /* Document.m */; };
		D0C77703221CE8B3001E1D0A /* Document.xib in Resources */ = {isa = PBXBuildFile; fileRef = D0C77701221CE8B3001E1D0A /* Document.xib */; };
		D0C77705221CE8B3001E1D0A /* Assets.xcassets in Resources */ = {isa = PBXBuildFile; fileRef = D0C77704221CE8B3001E1D0A /* Assets.xcassets */; };
		D0C77708221CE8B3001E1D0A /* MainMenu.xib in Resources */ = {isa = PBXBuildFile; fileRef = D0C77706221CE8B3001E1D0A /* MainMenu.xib */; };
		D0C7770B221CE8B4001E1D0A /* main.m in Sources */ = {isa = PBXBuildFile; fileRef = D0C7770A221CE8B4001E1D0A /* main.m */; };
		D0C77714221CE8C8001E1D0A /* Person.m in Sources */ = {isa = PBXBuildFile; fileRef = D0C77713221CE8C8001E1D0A /* Person.m */; };
/* End PBXBuildFile section */

/* Begin PBXFileReference section */
		D0B8B91A221D3BE90093F21D /* txt.icns */ = {isa = PBXFileReference; lastKnownFileType = image.icns; path = txt.icns; sourceTree = "<group>"; };
		D0C776F8221CE8B3001E1D0A /* RaiseMan.app */ = {isa = PBXFileReference; explicitFileType = wrapper.application; includeInIndex = 0; path = RaiseMan.app; sourceTree = BUILT_PRODUCTS_DIR; };
		D0C776FB221CE8B3001E1D0A /* AppDelegate.h */ = {isa = PBXFileReference; lastKnownFileType = sourcecode.c.h; path = AppDelegate.h; sourceTree = "<group>"; };
		D0C776FC221CE8B3001E1D0A /* AppDelegate.m */ = {isa = PBXFileReference; lastKnownFileType = sourcecode.c.objc; path = AppDelegate.m; sourceTree = "<group>"; };
		D0C776FE221CE8B3001E1D0A /* Document.h */ = {isa = PBXFileReference; lastKnownFileType = sourcecode.c.h; path = Document.h; sourceTree = "<group>"; };
		D0C776FF221CE8B3001E1D0A /* Document.m */ = {isa = PBXFileReference; lastKnownFileType = sourcecode.c.objc; path = Document.m; sourceTree = "<group>"; };
		D0C77702221CE8B3001E1D0A /* Base */ = {isa = PBXFileReference; lastKnownFileType = file.xib; name = Base; path = Base.lproj/Document.xib; sourceTree = "<group>"; };
		D0C77704221CE8B3001E1D0A /* Assets.xcassets */ = {isa = PBXFileReference; lastKnownFileType = folder.assetcatalog; path = Assets.xcassets; sourceTree = "<group>"; };
		D0C77707221CE8B3001E1D0A /* Base */ = {isa = PBXFileReference; lastKnownFileType = file.xib; name = Base; path = Base.lproj/MainMenu.xib; sourceTree = "<group>"; };
		D0C77709221CE8B4001E1D0A /* Info.plist */ = {isa = PBXFileReference; lastKnownFileType = text.plist.xml; path = Info.plist; sourceTree = "<group>"; };
		D0C7770A221CE8B4001E1D0A /* main.m */ = {isa = PBXFileReference; lastKnownFileType = sourcecode.c.objc; path = main.m; sourceTree = "<group>"; };
		D0C7770C221CE8B4001E1D0A /* RaiseMan.entitlements */ = {isa = PBXFileReference; lastKnownFileType = text.plist.entitlements; path = RaiseMan.entitlements; sourceTree = "<group>"; };
		D0C77712221CE8C8001E1D0A /* Person.h */ = {isa = PBXFileReference; lastKnownFileType = sourcecode.c.h; path = Person.h; sourceTree = "<group>"; };
		D0C77713221CE8C8001E1D0A /* Person.m */ = {isa = PBXFileReference; lastKnownFileType = sourcecode.c.objc; path = Person.m; sourceTree = "<group>"; };
/* End PBXFileReference section */

/* Begin PBXFrameworksBuildPhase section */
		D0C776F5221CE8B3001E1D0A /* Frameworks */ = {
			isa = PBXFrameworksBuildPhase;
			buildActionMask = 2147483647;
			files = (
			);
			runOnlyForDeploymentPostprocessing = 0;
		};
/* End PBXFrameworksBuildPhase section */

/* Begin PBXGroup section */
		D0C776EF221CE8B3001E1D0A = {
			isa = PBXGroup;
			children = (
				D0C776FA221CE8B3001E1D0A /* RaiseMan */,
				D0C776F9221CE8B3001E1D0A /* Products */,
			);
			sourceTree = "<group>";
		};
		D0C776F9221CE8B3001E1D0A /* Products */ = {
			isa = PBXGroup;
			children = (
				D0C776F8221CE8B3001E1D0A /* RaiseMan.app */,
			);
			name = Products;
			sourceTree = "<group>";
		};
		D0C776FA221CE8B3001E1D0A /* RaiseMan */ = {
			isa = PBXGroup;
			children = (
				D0C776FB221CE8B3001E1D0A /* AppDelegate.h */,
				D0C776FC221CE8B3001E1D0A /* AppDelegate.m */,
				D0C77712221CE8C8001E1D0A /* Person.h */,
				D0C77713221CE8C8001E1D0A /* Person.m */,
				D0C776FE221CE8B3001E1D0A /* Document.h */,
				D0C776FF221CE8B3001E1D0A /* Document.m */,
				D0C77701221CE8B3001E1D0A /* Document.xib */,
				D0B8B91A221D3BE90093F21D /* txt.icns */,
				D0C77704221CE8B3001E1D0A /* Assets.xcassets */,
				D0C77706221CE8B3001E1D0A /* MainMenu.xib */,
				D0C77709221CE8B4001E1D0A /* Info.plist */,
				D0C7770A221CE8B4001E1D0A /* main.m */,
				D0C7770C221CE8B4001E1D0A /* RaiseMan.entitlements */,
			);
			path = RaiseMan;
			sourceTree = "<group>";
		};
/* End PBXGroup section */

/* Begin PBXNativeTarget section */
		D0C776F7221CE8B3001E1D0A /* RaiseMan */ = {
			isa = PBXNativeTarget;
			buildConfigurationList = D0C7770F221CE8B4001E1D0A /* Build configuration list for PBXNativeTarget "RaiseMan" */;
			buildPhases = (
				D0C776F4221CE8B3001E1D0A /* Sources */,
				D0C776F5221CE8B3001E1D0A /* Frameworks */,
				D0C776F6221CE8B3001E1D0A /* Resources */,
			);
			buildRules = (
			);
			dependencies = (
			);
			name = RaiseMan;
			productName = RaiseMan;
			productReference = D0C776F8221CE8B3001E1D0A /* RaiseMan.app */;
			productType = "com.apple.product-type.application";
		};
/* End PBXNativeTarget section */

/* Begin PBXProject section */
		D0C776F0221CE8B3001E1D0A /* Project object */ = {
			isa = PBXProject;
			attributes = {
				LastUpgradeCheck = 0940;
				ORGANIZATIONNAME = hikeuchi;
				TargetAttributes = {
					D0C776F7221CE8B3001E1D0A = {
						CreatedOnToolsVersion = 9.4;
						SystemCapabilities = {
							com.apple.Sandbox = {
								enabled = 0;
							};
						};
					};
				};
			};
			buildConfigurationList = D0C776F3221CE8B3001E1D0A /* Build configuration list for PBXProject "RaiseMan" */;
			compatibilityVersion = "Xcode 9.3";
			developmentRegion = en;
			hasScannedForEncodings = 0;
			knownRegions = (
				en,
				Base,
			);
			mainGroup = D0C776EF221CE8B3001E1D0A;
			productRefGroup = D0C776F9221CE8B3001E1D0A /* Products */;
			projectDirPath = "";
			projectRoot = "";
			targets = (
				D0C776F7221CE8B3001E1D0A /* RaiseMan */,
			);
		};
/* End PBXProject section */

/* Begin PBXResourcesBuildPhase section */
		D0C776F6221CE8B3001E1D0A /* Resources */ = {
			isa = PBXResourcesBuildPhase;
			buildActionMask = 2147483647;
			files = (
				D0C77705221CE8B3001E1D0A /* Assets.xcassets in Resources */,
				D0C77703221CE8B3001E1D0A /* Document.xib in Resources */,
				D0C77708221CE8B3001E1D0A /* MainMenu.xib in Resources */,
				D0B8B91B221D3BE90093F21D /* txt.icns in Resources */,
			);
			runOnlyForDeploymentPostprocessing = 0;
		};
/* End PBXResourcesBuildPhase section */

/* Begin PBXSourcesBuildPhase section */
		D0C776F4221CE8B3001E1D0A /* Sources */ = {
			isa = PBXSourcesBuildPhase;
			buildActionMask = 2147483647;
			files = (
				D0C77700221CE8B3001E1D0A /* Document.m in Sources */,
				D0C7770B221CE8B4001E1D0A /* main.m in Sources */,
				D0C77714221CE8C8001E1D0A /* Person.m in Sources */,
				D0C776FD221CE8B3001E1D0A /* AppDelegate.m in Sources */,
			);
			runOnlyForDeploymentPostprocessing = 0;
		};
/* End PBXSourcesBuildPhase section */

/* Begin PBXVariantGroup section */
		D0C77701221CE8B3001E1D0A /* Document.xib */ = {
			isa = PBXVariantGroup;
			children = (
				D0C77702221CE8B3001E1D0A /* Base */,
			);
			name = Document.xib;
			sourceTree = "<group>";
		};
		D0C77706221CE8B3001E1D0A /* MainMenu.xib */ = {
			isa = PBXVariantGroup;
			children = (
				D0C77707221CE8B3001E1D0A /* Base */,
			);
			name = MainMenu.xib;
			sourceTree = "<group>";
		};
/* End PBXVariantGroup section */

/* Begin XCBuildConfiguration section */
		D0C7770D221CE8B4001E1D0A /* Debug */ = {
			isa = XCBuildConfiguration;
			buildSettings = {
				ALWAYS_SEARCH_USER_PATHS = NO;
				CLANG_ANALYZER_NONNULL = YES;
				CLANG_ANALYZER_NUMBER_OBJECT_CONVERSION = YES_AGGRESSIVE;
				CLANG_CXX_LANGUAGE_STANDARD = "gnu++14";
				CLANG_CXX_LIBRARY = "libc++";
				CLANG_ENABLE_MODULES = YES;
				CLANG_ENABLE_OBJC_ARC = YES;
				CLANG_ENABLE_OBJC_WEAK = YES;
				CLANG_WARN_BLOCK_CAPTURE_AUTORELEASING = YES;
				CLANG_WARN_BOOL_CONVERSION = YES;
				CLANG_WARN_COMMA = YES;
				CLANG_WARN_CONSTANT_CONVERSION = YES;
				CLANG_WARN_DEPRECATED_OBJC_IMPLEMENTATIONS = YES;
				CLANG_WARN_DIRECT_OBJC_ISA_USAGE = YES_ERROR;
				CLANG_WARN_DOCUMENTATION_COMMENTS = YES;
				CLANG_WARN_EMPTY_BODY = YES;
				CLANG_WARN_ENUM_CONVERSION = YES;
				CLANG_WARN_INFINITE_RECURSION = YES;
				CLANG_WARN_INT_CONVERSION = YES;
				CLANG_WARN_NON_LITERAL_NULL_CONVERSION = YES;
				CLANG_WARN_OBJC_IMPLICIT_RETAIN_SELF = YES;
				CLANG_WARN_OBJC_LITERAL_CONVERSION = YES;
				CLANG_WARN_OBJC_ROOT_CLASS = YES_ERROR;
				CLANG_WARN_RANGE_LOOP_ANALYSIS = YES;
				CLANG_WARN_STRICT_PROTOTYPES = YES;
				CLANG_WARN_SUSPICIOUS_MOVE = YES;
				CLANG_WARN_UNGUARDED_AVAILABILITY = YES_AGGRESSIVE;
				CLANG_WARN_UNREACHABLE_CODE = YES;
				CLANG_WARN__DUPLICATE_METHOD_MATCH = YES;
				CODE_SIGN_IDENTITY = "-";
				COPY_PHASE_STRIP = NO;
				DEBUG_INFORMATION_FORMAT = dwarf;
				ENABLE_STRICT_OBJC_MSGSEND = YES;
				ENABLE_TESTABILITY = YES;
				GCC_C_LANGUAGE_STANDARD = gnu11;
				GCC_DYNAMIC_NO_PIC = NO;
				GCC_NO_COMMON_BLOCKS = YES;
				GCC_OPTIMIZATION_LEVEL = 0;
				GCC_PREPROCESSOR_DEFINITIONS = (
					"DEBUG=1",
					"$(inherited)",
				);
				GCC_WARN_64_TO_32_BIT_CONVERSION = YES;
				GCC_WARN_ABOUT_RETURN_TYPE = YES_ERROR;
				GCC_WARN_UNDECLARED_SELECTOR = YES;
				GCC_WARN_UNINITIALIZED_AUTOS = YES_AGGRESSIVE;
				GCC_WARN_UNUSED_FUNCTION = YES;
				GCC_WARN_UNUSED_VARIABLE = YES;
				MACOSX_DEPLOYMENT_TARGET = 10.13;
				MTL_ENABLE_DEBUG_INFO = YES;
				ONLY_ACTIVE_ARCH = YES;
				SDKROOT = macosx;
			};
			name = Debug;
		};
		D0C7770E221CE8B4001E1D0A /* Release */ = {
			isa = XCBuildConfiguration;
			buildSettings = {
				ALWAYS_SEARCH_USER_PATHS = NO;
				CLANG_ANALYZER_NONNULL = YES;
				CLANG_ANALYZER_NUMBER_OBJECT_CONVERSION = YES_AGGRESSIVE;
				CLANG_CXX_LANGUAGE_STANDARD = "gnu++14";
				CLANG_CXX_LIBRARY = "libc++";
				CLANG_ENABLE_MODULES = YES;
				CLANG_ENABLE_OBJC_ARC = YES;
				CLANG_ENABLE_OBJC_WEAK = YES;
				CLANG_WARN_BLOCK_CAPTURE_AUTORELEASING = YES;
				CLANG_WARN_BOOL_CONVERSION = YES;
				CLANG_WARN_COMMA = YES;
				CLANG_WARN_CONSTANT_CONVERSION = YES;
				CLANG_WARN_DEPRECATED_OBJC_IMPLEMENTATIONS = YES;
				CLANG_WARN_DIRECT_OBJC_ISA_USAGE = YES_ERROR;
				CLANG_WARN_DOCUMENTATION_COMMENTS = YES;
				CLANG_WARN_EMPTY_BODY = YES;
				CLANG_WARN_ENUM_CONVERSION = YES;
				CLANG_WARN_INFINITE_RECURSION = YES;
				CLANG_WARN_INT_CONVERSION = YES;
				CLANG_WARN_NON_LITERAL_NULL_CONVERSION = YES;
				CLANG_WARN_OBJC_IMPLICIT_RETAIN_SELF = YES;
				CLANG_WARN_OBJC_LITERAL_CONVERSION = YES;
				CLANG_WARN_OBJC_ROOT_CLASS = YES_ERROR;
				CLANG_WARN_RANGE_LOOP_ANALYSIS = YES;
				CLANG_WARN_STRICT_PROTOTYPES = YES;
				CLANG_WARN_SUSPICIOUS_MOVE = YES;
				CLANG_WARN_UNGUARDED_AVAILABILITY = YES_AGGRESSIVE;
				CLANG_WARN_UNREACHABLE_CODE = YES;
				CLANG_WARN__DUPLICATE_METHOD_MATCH = YES;
				CODE_SIGN_IDENTITY = "-";
				COPY_PHASE_STRIP = NO;
				DEBUG_INFORMATION_FORMAT = "dwarf-with-dsym";
				ENABLE_NS_ASSERTIONS = NO;
				ENABLE_STRICT_OBJC_MSGSEND = YES;
				GCC_C_LANGUAGE_STANDARD = gnu11;
				GCC_NO_COMMON_BLOCKS = YES;
				GCC_WARN_64_TO_32_BIT_CONVERSION = YES;
				GCC_WARN_ABOUT_RETURN_TYPE = YES_ERROR;
				GCC_WARN_UNDECLARED_SELECTOR = YES;
				GCC_WARN_UNINITIALIZED_AUTOS = YES_AGGRESSIVE;
				GCC_WARN_UNUSED_FUNCTION = YES;
				GCC_WARN_UNUSED_VARIABLE = YES;
				MACOSX_DEPLOYMENT_TARGET = 10.13;
				MTL_ENABLE_DEBUG_INFO = NO;
				SDKROOT = macosx;
			};
			name = Release;
		};
		D0C77710221CE8B4001E1D0A /* Debug */ = {
			isa = XCBuildConfiguration;
			buildSettings = {
				ASSETCATALOG_COMPILER_APPICON_NAME = AppIcon;
				CODE_SIGN_STYLE = Automatic;
				COMBINE_HIDPI_IMAGES = YES;
				INFOPLIST_FILE = RaiseMan/Info.plist;
				LD_RUNPATH_SEARCH_PATHS = (
					"$(inherited)",
					"@executable_path/../Frameworks",
				);
				PRODUCT_BUNDLE_IDENTIFIER = jp.co.hikeuchi.RaiseMan;
				PRODUCT_NAME = "$(TARGET_NAME)";
			};
			name = Debug;
		};
		D0C77711221CE8B4001E1D0A /* Release */ = {
			isa = XCBuildConfiguration;
			buildSettings = {
				ASSETCATALOG_COMPILER_APPICON_NAME = AppIcon;
				CODE_SIGN_STYLE = Automatic;
				COMBINE_HIDPI_IMAGES = YES;
				INFOPLIST_FILE = RaiseMan/Info.plist;
				LD_RUNPATH_SEARCH_PATHS = (
					"$(inherited)",
					"@executable_path/../Frameworks",
				);
				PRODUCT_BUNDLE_IDENTIFIER = jp.co.hikeuchi.RaiseMan;
				PRODUCT_NAME = "$(TARGET_NAME)";
			};
			name = Release;
		};
/* End XCBuildConfiguration section */

/* Begin XCConfigurationList section */
		D0C776F3221CE8B3001E1D0A /* Build configuration list for PBXProject "RaiseMan" */ = {
			isa = XCConfigurationList;
			buildConfigurations = (
				D0C7770D221CE8B4001E1D0A /* Debug */,
				D0C7770E221CE8B4001E1D0A /* Release */,
			);
			defaultConfigurationIsVisible = 0;
			defaultConfigurationName = Release;
		};
		D0C7770F221CE8B4001E1D0A /* Build configuration list for PBXNativeTarget "RaiseMan" */ = {
			isa = XCConfigurationList;
			buildConfigurations = (
				D0C77710221CE8B4001E1D0A /* Debug */,
				D0C77711221CE8B4001E1D0A /* Release */,
			);
			defaultConfigurationIsVisible = 0;
			defaultConfigurationName = Release;
		};
/* End XCConfigurationList section */
	};
	rootObject = D0C776F0221CE8B3001E1D0A /* Project object */;
}
